// !$*UTF8*$!
{
	archiveVersion = 1;
	classes = {
	};
	objectVersion = 46;
	objects = {

/* Begin PBXBuildFile section */
		59DBFDCAF42EABF5E1A4383B /* libPods-BuxClient.a in Frameworks */ = {isa = PBXBuildFile; fileRef = 708694361C784F864C9EF120 /* libPods-BuxClient.a */; };
		8526BD171F6A8F3000D8BB76 /* WebSocketMessage.m in Sources */ = {isa = PBXBuildFile; fileRef = 8526BD161F6A8F3000D8BB76 /* WebSocketMessage.m */; };
		858A90C51F6AC35E001E544B /* WebSocketErrorMessage.m in Sources */ = {isa = PBXBuildFile; fileRef = 858A90C41F6AC35E001E544B /* WebSocketErrorMessage.m */; };
		858A90C81F6AC379001E544B /* WebSocketQuoteMessage.m in Sources */ = {isa = PBXBuildFile; fileRef = 858A90C71F6AC379001E544B /* WebSocketQuoteMessage.m */; };
		858A90CA1F6AF07D001E544B /* WebSocketMessageTests.m in Sources */ = {isa = PBXBuildFile; fileRef = 858A90C91F6AF07D001E544B /* WebSocketMessageTests.m */; };
		858A90CD1F6AF114001E544B /* ConnectionFailedMessage.json in Resources */ = {isa = PBXBuildFile; fileRef = 858A90CC1F6AF114001E544B /* ConnectionFailedMessage.json */; };
		858A90CF1F6AF3A0001E544B /* TradingQouteMessage.json in Resources */ = {isa = PBXBuildFile; fileRef = 858A90CE1F6AF3A0001E544B /* TradingQouteMessage.json */; };
		8598F2391F6B35420010FB12 /* ProductDetailsViewModel.m in Sources */ = {isa = PBXBuildFile; fileRef = 8598F2381F6B35420010FB12 /* ProductDetailsViewModel.m */; };
		85A4BFF31F66F70300065E36 /* main.m in Sources */ = {isa = PBXBuildFile; fileRef = 85A4BFF21F66F70300065E36 /* main.m */; };
		85A4BFF61F66F70300065E36 /* AppDelegate.m in Sources */ = {isa = PBXBuildFile; fileRef = 85A4BFF51F66F70300065E36 /* AppDelegate.m */; };
		85A4BFF91F66F70300065E36 /* ProductListViewController.m in Sources */ = {isa = PBXBuildFile; fileRef = 85A4BFF81F66F70300065E36 /* ProductListViewController.m */; };
		85A4BFFE1F66F70300065E36 /* Assets.xcassets in Resources */ = {isa = PBXBuildFile; fileRef = 85A4BFFD1F66F70300065E36 /* Assets.xcassets */; };
		85A4C0011F66F70300065E36 /* LaunchScreen.storyboard in Resources */ = {isa = PBXBuildFile; fileRef = 85A4BFFF1F66F70300065E36 /* LaunchScreen.storyboard */; };
		85A4C00C1F66F70300065E36 /* ConnectionConfigurationTests.m in Sources */ = {isa = PBXBuildFile; fileRef = 85A4C00B1F66F70300065E36 /* ConnectionConfigurationTests.m */; };
		85C909ED1F6A66F600A81684 /* Price.m in Sources */ = {isa = PBXBuildFile; fileRef = 85C909EC1F6A66F600A81684 /* Price.m */; };
		85CDDC361F66F78700395B6D /* NetworkManager.m in Sources */ = {isa = PBXBuildFile; fileRef = 85CDDC351F66F78700395B6D /* NetworkManager.m */; };
		85CDDC381F66F80900395B6D /* Configuration.plist in Resources */ = {isa = PBXBuildFile; fileRef = 85CDDC371F66F80900395B6D /* Configuration.plist */; };
		85CDDC3D1F66F93100395B6D /* Product.m in Sources */ = {isa = PBXBuildFile; fileRef = 85CDDC3C1F66F93100395B6D /* Product.m */; };
		85D6FF721F6BEAE200B0923C /* Reachability.m in Sources */ = {isa = PBXBuildFile; fileRef = 85D6FF711F6BEADD00B0923C /* Reachability.m */; };
		85D6FF761F6C15D400B0923C /* BUXError.m in Sources */ = {isa = PBXBuildFile; fileRef = 85D6FF751F6C15D400B0923C /* BUXError.m */; };
		85E074DC1F6AFD60001AD780 /* ProductListViewModel.m in Sources */ = {isa = PBXBuildFile; fileRef = 85E074DB1F6AFD60001AD780 /* ProductListViewModel.m */; };
		85E074E01F6B0275001AD780 /* ProductListController.m in Sources */ = {isa = PBXBuildFile; fileRef = 85E074DF1F6B0275001AD780 /* ProductListController.m */; };
		85E074E31F6B084E001AD780 /* ProductListCell.m in Sources */ = {isa = PBXBuildFile; fileRef = 85E074E21F6B084E001AD780 /* ProductListCell.m */; };
		85E074E91F6B1156001AD780 /* ProductListSectionHeaderView.m in Sources */ = {isa = PBXBuildFile; fileRef = 85E074E81F6B1156001AD780 /* ProductListSectionHeaderView.m */; };
		85E074EC1F6B1548001AD780 /* ProductDetailsViewController.m in Sources */ = {isa = PBXBuildFile; fileRef = 85E074EB1F6B1548001AD780 /* ProductDetailsViewController.m */; };
		85E07B041F6B248B00BBA715 /* MarketClosedView.m in Sources */ = {isa = PBXBuildFile; fileRef = 85E07B031F6B248B00BBA715 /* MarketClosedView.m */; };
		85EA731D1F6A6A4900069B41 /* ConnectionConfiguration.m in Sources */ = {isa = PBXBuildFile; fileRef = 85EA731C1F6A6A4900069B41 /* ConnectionConfiguration.m */; };
		85EA73201F6A6C1C00069B41 /* RequestBuilder.m in Sources */ = {isa = PBXBuildFile; fileRef = 85EA731F1F6A6C1C00069B41 /* RequestBuilder.m */; };
		85EA73221F6A6FBD00069B41 /* Configuration.plist in Resources */ = {isa = PBXBuildFile; fileRef = 85CDDC371F66F80900395B6D /* Configuration.plist */; };
		85EA73241F6A7F8500069B41 /* RequestBuilderTests.m in Sources */ = {isa = PBXBuildFile; fileRef = 85EA73231F6A7F8500069B41 /* RequestBuilderTests.m */; };
		85EA73271F6A872D00069B41 /* ProductListDataCoordinator.m in Sources */ = {isa = PBXBuildFile; fileRef = 85EA73261F6A872D00069B41 /* ProductListDataCoordinator.m */; };
		85F2174E1F6B488900CDF51C /* ProductDetailsDataCoordinator.m in Sources */ = {isa = PBXBuildFile; fileRef = 85F2174D1F6B488900CDF51C /* ProductDetailsDataCoordinator.m */; };
		85F217511F6B4D8000CDF51C /* InMemoryDataStorage.m in Sources */ = {isa = PBXBuildFile; fileRef = 85F217501F6B4D8000CDF51C /* InMemoryDataStorage.m */; };
		85F217531F6B4DAE00CDF51C /* DataStorageTests.m in Sources */ = {isa = PBXBuildFile; fileRef = 85F217521F6B4DAE00CDF51C /* DataStorageTests.m */; };
		85F217571F6BDDB700CDF51C /* WebSocketStatusViewModel.m in Sources */ = {isa = PBXBuildFile; fileRef = 85F217561F6BDDB700CDF51C /* WebSocketStatusViewModel.m */; };
		85F4E63E1F6A89D100F8C3CE /* WebSocketManager.m in Sources */ = {isa = PBXBuildFile; fileRef = 85F4E63D1F6A89D100F8C3CE /* WebSocketManager.m */; };
/* End PBXBuildFile section */

/* Begin PBXContainerItemProxy section */
		85A4C0081F66F70300065E36 /* PBXContainerItemProxy */ = {
			isa = PBXContainerItemProxy;
			containerPortal = 85A4BFE61F66F70300065E36 /* Project object */;
			proxyType = 1;
			remoteGlobalIDString = 85A4BFED1F66F70300065E36;
			remoteInfo = BuxClient;
		};
/* End PBXContainerItemProxy section */

/* Begin PBXFileReference section */
		6C6F7D42161BC17FC510D42E /* Pods-BuxClient.debug.xcconfig */ = {isa = PBXFileReference; includeInIndex = 1; lastKnownFileType = text.xcconfig; name = "Pods-BuxClient.debug.xcconfig"; path = "Pods/Target Support Files/Pods-BuxClient/Pods-BuxClient.debug.xcconfig"; sourceTree = "<group>"; };
		708694361C784F864C9EF120 /* libPods-BuxClient.a */ = {isa = PBXFileReference; explicitFileType = archive.ar; includeInIndex = 0; path = "libPods-BuxClient.a"; sourceTree = BUILT_PRODUCTS_DIR; };
		8526BD151F6A8F3000D8BB76 /* WebSocketMessage.h */ = {isa = PBXFileReference; lastKnownFileType = sourcecode.c.h; path = WebSocketMessage.h; sourceTree = "<group>"; };
		8526BD161F6A8F3000D8BB76 /* WebSocketMessage.m */ = {isa = PBXFileReference; lastKnownFileType = sourcecode.c.objc; path = WebSocketMessage.m; sourceTree = "<group>"; };
		8526BD181F6A8F5200D8BB76 /* WebSocketMessageType.h */ = {isa = PBXFileReference; lastKnownFileType = sourcecode.c.h; path = WebSocketMessageType.h; sourceTree = "<group>"; };
		8544C7F41F6A8C5700930435 /* WebSocketManagerDelegate.h */ = {isa = PBXFileReference; lastKnownFileType = sourcecode.c.h; path = WebSocketManagerDelegate.h; sourceTree = "<group>"; };
		858A90C31F6AC35E001E544B /* WebSocketErrorMessage.h */ = {isa = PBXFileReference; lastKnownFileType = sourcecode.c.h; path = WebSocketErrorMessage.h; sourceTree = "<group>"; };
		858A90C41F6AC35E001E544B /* WebSocketErrorMessage.m */ = {isa = PBXFileReference; lastKnownFileType = sourcecode.c.objc; path = WebSocketErrorMessage.m; sourceTree = "<group>"; };
		858A90C61F6AC379001E544B /* WebSocketQuoteMessage.h */ = {isa = PBXFileReference; lastKnownFileType = sourcecode.c.h; path = WebSocketQuoteMessage.h; sourceTree = "<group>"; };
		858A90C71F6AC379001E544B /* WebSocketQuoteMessage.m */ = {isa = PBXFileReference; lastKnownFileType = sourcecode.c.objc; path = WebSocketQuoteMessage.m; sourceTree = "<group>"; };
		858A90C91F6AF07D001E544B /* WebSocketMessageTests.m */ = {isa = PBXFileReference; lastKnownFileType = sourcecode.c.objc; path = WebSocketMessageTests.m; sourceTree = "<group>"; };
		858A90CC1F6AF114001E544B /* ConnectionFailedMessage.json */ = {isa = PBXFileReference; fileEncoding = 4; lastKnownFileType = text.json; path = ConnectionFailedMessage.json; sourceTree = "<group>"; };
		858A90CE1F6AF3A0001E544B /* TradingQouteMessage.json */ = {isa = PBXFileReference; fileEncoding = 4; lastKnownFileType = text.json; path = TradingQouteMessage.json; sourceTree = "<group>"; };
		858A90D01F6AF817001E544B /* ProductListDataCoordinatorOutput.h */ = {isa = PBXFileReference; lastKnownFileType = sourcecode.c.h; path = ProductListDataCoordinatorOutput.h; sourceTree = "<group>"; };
		8598F2361F6B33E10010FB12 /* WebsocketStatus.h */ = {isa = PBXFileReference; lastKnownFileType = sourcecode.c.h; path = WebsocketStatus.h; sourceTree = "<group>"; };
		8598F2371F6B35420010FB12 /* ProductDetailsViewModel.h */ = {isa = PBXFileReference; lastKnownFileType = sourcecode.c.h; path = ProductDetailsViewModel.h; sourceTree = "<group>"; };
		8598F2381F6B35420010FB12 /* ProductDetailsViewModel.m */ = {isa = PBXFileReference; lastKnownFileType = sourcecode.c.objc; path = ProductDetailsViewModel.m; sourceTree = "<group>"; };
		8598F23A1F6B45B00010FB12 /* DataStorageProtocol.h */ = {isa = PBXFileReference; lastKnownFileType = sourcecode.c.h; path = DataStorageProtocol.h; sourceTree = "<group>"; };
		8598F23B1F6B47350010FB12 /* InMemoryDataStorage.h */ = {isa = PBXFileReference; lastKnownFileType = sourcecode.c.h; path = InMemoryDataStorage.h; sourceTree = "<group>"; };
		85A4BFEE1F66F70300065E36 /* BuxClient.app */ = {isa = PBXFileReference; explicitFileType = wrapper.application; includeInIndex = 0; path = BuxClient.app; sourceTree = BUILT_PRODUCTS_DIR; };
		85A4BFF21F66F70300065E36 /* main.m */ = {isa = PBXFileReference; lastKnownFileType = sourcecode.c.objc; path = main.m; sourceTree = "<group>"; };
		85A4BFF41F66F70300065E36 /* AppDelegate.h */ = {isa = PBXFileReference; lastKnownFileType = sourcecode.c.h; path = AppDelegate.h; sourceTree = "<group>"; };
		85A4BFF51F66F70300065E36 /* AppDelegate.m */ = {isa = PBXFileReference; lastKnownFileType = sourcecode.c.objc; path = AppDelegate.m; sourceTree = "<group>"; };
		85A4BFF71F66F70300065E36 /* ProductListViewController.h */ = {isa = PBXFileReference; lastKnownFileType = sourcecode.c.h; path = ProductListViewController.h; sourceTree = "<group>"; };
		85A4BFF81F66F70300065E36 /* ProductListViewController.m */ = {isa = PBXFileReference; lastKnownFileType = sourcecode.c.objc; path = ProductListViewController.m; sourceTree = "<group>"; };
		85A4BFFD1F66F70300065E36 /* Assets.xcassets */ = {isa = PBXFileReference; lastKnownFileType = folder.assetcatalog; path = Assets.xcassets; sourceTree = "<group>"; };
		85A4C0001F66F70300065E36 /* Base */ = {isa = PBXFileReference; lastKnownFileType = file.storyboard; name = Base; path = Base.lproj/LaunchScreen.storyboard; sourceTree = "<group>"; };
		85A4C0021F66F70300065E36 /* Info.plist */ = {isa = PBXFileReference; lastKnownFileType = text.plist.xml; path = Info.plist; sourceTree = "<group>"; };
		85A4C0071F66F70300065E36 /* BuxClientTests.xctest */ = {isa = PBXFileReference; explicitFileType = wrapper.cfbundle; includeInIndex = 0; path = BuxClientTests.xctest; sourceTree = BUILT_PRODUCTS_DIR; };
		85A4C00B1F66F70300065E36 /* ConnectionConfigurationTests.m */ = {isa = PBXFileReference; lastKnownFileType = sourcecode.c.objc; path = ConnectionConfigurationTests.m; sourceTree = "<group>"; };
		85A4C00D1F66F70300065E36 /* Info.plist */ = {isa = PBXFileReference; lastKnownFileType = text.plist.xml; path = Info.plist; sourceTree = "<group>"; };
		85C909EB1F6A66F600A81684 /* Price.h */ = {isa = PBXFileReference; lastKnownFileType = sourcecode.c.h; path = Price.h; sourceTree = "<group>"; };
		85C909EC1F6A66F600A81684 /* Price.m */ = {isa = PBXFileReference; lastKnownFileType = sourcecode.c.objc; path = Price.m; sourceTree = "<group>"; };
		85CDDC341F66F78700395B6D /* NetworkManager.h */ = {isa = PBXFileReference; lastKnownFileType = sourcecode.c.h; path = NetworkManager.h; sourceTree = "<group>"; };
		85CDDC351F66F78700395B6D /* NetworkManager.m */ = {isa = PBXFileReference; lastKnownFileType = sourcecode.c.objc; path = NetworkManager.m; sourceTree = "<group>"; };
		85CDDC371F66F80900395B6D /* Configuration.plist */ = {isa = PBXFileReference; lastKnownFileType = text.plist.xml; path = Configuration.plist; sourceTree = "<group>"; };
		85CDDC3B1F66F93100395B6D /* Product.h */ = {isa = PBXFileReference; lastKnownFileType = sourcecode.c.h; path = Product.h; sourceTree = "<group>"; };
		85CDDC3C1F66F93100395B6D /* Product.m */ = {isa = PBXFileReference; lastKnownFileType = sourcecode.c.objc; path = Product.m; sourceTree = "<group>"; };
		85D6FF701F6BEADD00B0923C /* Reachability.h */ = {isa = PBXFileReference; lastKnownFileType = sourcecode.c.h; path = Reachability.h; sourceTree = "<group>"; };
		85D6FF711F6BEADD00B0923C /* Reachability.m */ = {isa = PBXFileReference; lastKnownFileType = sourcecode.c.objc; path = Reachability.m; sourceTree = "<group>"; };
		85D6FF741F6C15D400B0923C /* BUXError.h */ = {isa = PBXFileReference; lastKnownFileType = sourcecode.c.h; path = BUXError.h; sourceTree = "<group>"; };
		85D6FF751F6C15D400B0923C /* BUXError.m */ = {isa = PBXFileReference; lastKnownFileType = sourcecode.c.objc; path = BUXError.m; sourceTree = "<group>"; };
		85D6FF771F6C167000B0923C /* BUXErrorCodes.h */ = {isa = PBXFileReference; lastKnownFileType = sourcecode.c.h; path = BUXErrorCodes.h; sourceTree = "<group>"; };
		85E074DA1F6AFD60001AD780 /* ProductListViewModel.h */ = {isa = PBXFileReference; fileEncoding = 4; lastKnownFileType = sourcecode.c.h; path = ProductListViewModel.h; sourceTree = "<group>"; };
		85E074DB1F6AFD60001AD780 /* ProductListViewModel.m */ = {isa = PBXFileReference; fileEncoding = 4; lastKnownFileType = sourcecode.c.objc; path = ProductListViewModel.m; sourceTree = "<group>"; };
		85E074DE1F6B0275001AD780 /* ProductListController.h */ = {isa = PBXFileReference; lastKnownFileType = sourcecode.c.h; path = ProductListController.h; sourceTree = "<group>"; };
		85E074DF1F6B0275001AD780 /* ProductListController.m */ = {isa = PBXFileReference; lastKnownFileType = sourcecode.c.objc; path = ProductListController.m; sourceTree = "<group>"; };
		85E074E11F6B084E001AD780 /* ProductListCell.h */ = {isa = PBXFileReference; lastKnownFileType = sourcecode.c.h; path = ProductListCell.h; sourceTree = "<group>"; };
		85E074E21F6B084E001AD780 /* ProductListCell.m */ = {isa = PBXFileReference; lastKnownFileType = sourcecode.c.objc; path = ProductListCell.m; sourceTree = "<group>"; };
		85E074E71F6B1156001AD780 /* ProductListSectionHeaderView.h */ = {isa = PBXFileReference; lastKnownFileType = sourcecode.c.h; path = ProductListSectionHeaderView.h; sourceTree = "<group>"; };
		85E074E81F6B1156001AD780 /* ProductListSectionHeaderView.m */ = {isa = PBXFileReference; lastKnownFileType = sourcecode.c.objc; path = ProductListSectionHeaderView.m; sourceTree = "<group>"; };
		85E074EA1F6B1548001AD780 /* ProductDetailsViewController.h */ = {isa = PBXFileReference; lastKnownFileType = sourcecode.c.h; path = ProductDetailsViewController.h; sourceTree = "<group>"; };
		85E074EB1F6B1548001AD780 /* ProductDetailsViewController.m */ = {isa = PBXFileReference; lastKnownFileType = sourcecode.c.objc; path = ProductDetailsViewController.m; sourceTree = "<group>"; };
		85E07AFA1F6B16A100BBA715 /* ProductListControllerDelegate.h */ = {isa = PBXFileReference; lastKnownFileType = sourcecode.c.h; path = ProductListControllerDelegate.h; sourceTree = "<group>"; };
		85E07B021F6B248B00BBA715 /* MarketClosedView.h */ = {isa = PBXFileReference; lastKnownFileType = sourcecode.c.h; path = MarketClosedView.h; sourceTree = "<group>"; };
		85E07B031F6B248B00BBA715 /* MarketClosedView.m */ = {isa = PBXFileReference; lastKnownFileType = sourcecode.c.objc; path = MarketClosedView.m; sourceTree = "<group>"; };
		85EA731B1F6A6A4900069B41 /* ConnectionConfiguration.h */ = {isa = PBXFileReference; lastKnownFileType = sourcecode.c.h; path = ConnectionConfiguration.h; sourceTree = "<group>"; };
		85EA731C1F6A6A4900069B41 /* ConnectionConfiguration.m */ = {isa = PBXFileReference; lastKnownFileType = sourcecode.c.objc; path = ConnectionConfiguration.m; sourceTree = "<group>"; };
		85EA731E1F6A6C1C00069B41 /* RequestBuilder.h */ = {isa = PBXFileReference; lastKnownFileType = sourcecode.c.h; path = RequestBuilder.h; sourceTree = "<group>"; };
		85EA731F1F6A6C1C00069B41 /* RequestBuilder.m */ = {isa = PBXFileReference; lastKnownFileType = sourcecode.c.objc; path = RequestBuilder.m; sourceTree = "<group>"; };
		85EA73211F6A6CDD00069B41 /* RequestBuilderProtocol.h */ = {isa = PBXFileReference; lastKnownFileType = sourcecode.c.h; path = RequestBuilderProtocol.h; sourceTree = "<group>"; };
		85EA73231F6A7F8500069B41 /* RequestBuilderTests.m */ = {isa = PBXFileReference; lastKnownFileType = sourcecode.c.objc; path = RequestBuilderTests.m; sourceTree = "<group>"; };
		85EA73251F6A872D00069B41 /* ProductListDataCoordinator.h */ = {isa = PBXFileReference; lastKnownFileType = sourcecode.c.h; path = ProductListDataCoordinator.h; sourceTree = "<group>"; };
		85EA73261F6A872D00069B41 /* ProductListDataCoordinator.m */ = {isa = PBXFileReference; lastKnownFileType = sourcecode.c.objc; path = ProductListDataCoordinator.m; sourceTree = "<group>"; };
		85F2174C1F6B488900CDF51C /* ProductDetailsDataCoordinator.h */ = {isa = PBXFileReference; lastKnownFileType = sourcecode.c.h; path = ProductDetailsDataCoordinator.h; sourceTree = "<group>"; };
		85F2174D1F6B488900CDF51C /* ProductDetailsDataCoordinator.m */ = {isa = PBXFileReference; lastKnownFileType = sourcecode.c.objc; path = ProductDetailsDataCoordinator.m; sourceTree = "<group>"; };
		85F2174F1F6B4AB600CDF51C /* ProductDetailsDataCoordinatorOutput.h */ = {isa = PBXFileReference; lastKnownFileType = sourcecode.c.h; path = ProductDetailsDataCoordinatorOutput.h; sourceTree = "<group>"; };
		85F217501F6B4D8000CDF51C /* InMemoryDataStorage.m */ = {isa = PBXFileReference; lastKnownFileType = sourcecode.c.objc; path = InMemoryDataStorage.m; sourceTree = "<group>"; };
		85F217521F6B4DAE00CDF51C /* DataStorageTests.m */ = {isa = PBXFileReference; lastKnownFileType = sourcecode.c.objc; path = DataStorageTests.m; sourceTree = "<group>"; };
		85F217551F6BDDB700CDF51C /* WebSocketStatusViewModel.h */ = {isa = PBXFileReference; lastKnownFileType = sourcecode.c.h; path = WebSocketStatusViewModel.h; sourceTree = "<group>"; };
		85F217561F6BDDB700CDF51C /* WebSocketStatusViewModel.m */ = {isa = PBXFileReference; lastKnownFileType = sourcecode.c.objc; path = WebSocketStatusViewModel.m; sourceTree = "<group>"; };
		85F2175B1F6BE7F700CDF51C /* ReachabilityObserver.h */ = {isa = PBXFileReference; lastKnownFileType = sourcecode.c.h; path = ReachabilityObserver.h; sourceTree = "<group>"; };
		85F2175E1F6BE84200CDF51C /* ReachabilityStatus.h */ = {isa = PBXFileReference; lastKnownFileType = sourcecode.c.h; path = ReachabilityStatus.h; sourceTree = "<group>"; };
		85F4E63C1F6A89D100F8C3CE /* WebSocketManager.h */ = {isa = PBXFileReference; lastKnownFileType = sourcecode.c.h; path = WebSocketManager.h; sourceTree = "<group>"; };
		85F4E63D1F6A89D100F8C3CE /* WebSocketManager.m */ = {isa = PBXFileReference; lastKnownFileType = sourcecode.c.objc; path = WebSocketManager.m; sourceTree = "<group>"; };
		A363FDAD18924C1E0105BEFC /* Pods-BuxClient.release.xcconfig */ = {isa = PBXFileReference; includeInIndex = 1; lastKnownFileType = text.xcconfig; name = "Pods-BuxClient.release.xcconfig"; path = "Pods/Target Support Files/Pods-BuxClient/Pods-BuxClient.release.xcconfig"; sourceTree = "<group>"; };
/* End PBXFileReference section */

/* Begin PBXFrameworksBuildPhase section */
		85A4BFEB1F66F70300065E36 /* Frameworks */ = {
			isa = PBXFrameworksBuildPhase;
			buildActionMask = 2147483647;
			files = (
				59DBFDCAF42EABF5E1A4383B /* libPods-BuxClient.a in Frameworks */,
			);
			runOnlyForDeploymentPostprocessing = 0;
		};
		85A4C0041F66F70300065E36 /* Frameworks */ = {
			isa = PBXFrameworksBuildPhase;
			buildActionMask = 2147483647;
			files = (
			);
			runOnlyForDeploymentPostprocessing = 0;
		};
/* End PBXFrameworksBuildPhase section */

/* Begin PBXGroup section */
		8544C7F31F6A8C1A00930435 /* WebSocket */ = {
			isa = PBXGroup;
			children = (
				85F4E63C1F6A89D100F8C3CE /* WebSocketManager.h */,
				85F4E63D1F6A89D100F8C3CE /* WebSocketManager.m */,
				8544C7F41F6A8C5700930435 /* WebSocketManagerDelegate.h */,
				8526BD151F6A8F3000D8BB76 /* WebSocketMessage.h */,
				8526BD161F6A8F3000D8BB76 /* WebSocketMessage.m */,
				858A90C31F6AC35E001E544B /* WebSocketErrorMessage.h */,
				858A90C41F6AC35E001E544B /* WebSocketErrorMessage.m */,
				858A90C61F6AC379001E544B /* WebSocketQuoteMessage.h */,
				858A90C71F6AC379001E544B /* WebSocketQuoteMessage.m */,
				8526BD181F6A8F5200D8BB76 /* WebSocketMessageType.h */,
				8598F2361F6B33E10010FB12 /* WebsocketStatus.h */,
			);
			path = WebSocket;
			sourceTree = "<group>";
		};
		858A90CB1F6AF114001E544B /* JSONStubs */ = {
			isa = PBXGroup;
			children = (
				858A90CE1F6AF3A0001E544B /* TradingQouteMessage.json */,
				858A90CC1F6AF114001E544B /* ConnectionFailedMessage.json */,
			);
			path = JSONStubs;
			sourceTree = "<group>";
		};
		85A4BFE51F66F70300065E36 = {
			isa = PBXGroup;
			children = (
				85A4BFF01F66F70300065E36 /* BuxClient */,
				85A4C00A1F66F70300065E36 /* BuxClientTests */,
				85A4BFEF1F66F70300065E36 /* Products */,
				D1209C47DE8A976935794899 /* Pods */,
				C8DB743EC769D45A2B05E024 /* Frameworks */,
			);
			sourceTree = "<group>";
		};
		85A4BFEF1F66F70300065E36 /* Products */ = {
			isa = PBXGroup;
			children = (
				85A4BFEE1F66F70300065E36 /* BuxClient.app */,
				85A4C0071F66F70300065E36 /* BuxClientTests.xctest */,
			);
			name = Products;
			sourceTree = "<group>";
		};
		85A4BFF01F66F70300065E36 /* BuxClient */ = {
			isa = PBXGroup;
			children = (
				85CDDC3E1F66F95F00395B6D /* Models */,
				85E074D91F6AFD60001AD780 /* View Models */,
				85CDDC3F1F66F97500395B6D /* Network */,
				85EA73281F6A873900069B41 /* Data Coordinator */,
				85E074DD1F6B0202001AD780 /* View Controllers */,
				85A4BFF41F66F70300065E36 /* AppDelegate.h */,
				85A4BFF51F66F70300065E36 /* AppDelegate.m */,
				85A4BFFD1F66F70300065E36 /* Assets.xcassets */,
				85A4BFFF1F66F70300065E36 /* LaunchScreen.storyboard */,
				85A4C0021F66F70300065E36 /* Info.plist */,
				85A4BFF11F66F70300065E36 /* Supporting Files */,
			);
			path = BuxClient;
			sourceTree = "<group>";
		};
		85A4BFF11F66F70300065E36 /* Supporting Files */ = {
			isa = PBXGroup;
			children = (
				85A4BFF21F66F70300065E36 /* main.m */,
			);
			name = "Supporting Files";
			sourceTree = "<group>";
		};
		85A4C00A1F66F70300065E36 /* BuxClientTests */ = {
			isa = PBXGroup;
			children = (
				858A90CB1F6AF114001E544B /* JSONStubs */,
				85A4C00B1F66F70300065E36 /* ConnectionConfigurationTests.m */,
				85EA73231F6A7F8500069B41 /* RequestBuilderTests.m */,
				858A90C91F6AF07D001E544B /* WebSocketMessageTests.m */,
				85F217521F6B4DAE00CDF51C /* DataStorageTests.m */,
				85A4C00D1F66F70300065E36 /* Info.plist */,
			);
			path = BuxClientTests;
			sourceTree = "<group>";
		};
		85CDDC3E1F66F95F00395B6D /* Models */ = {
			isa = PBXGroup;
			children = (
				85C909EB1F6A66F600A81684 /* Price.h */,
				85C909EC1F6A66F600A81684 /* Price.m */,
				85CDDC3B1F66F93100395B6D /* Product.h */,
				85CDDC3C1F66F93100395B6D /* Product.m */,
			);
			path = Models;
			sourceTree = "<group>";
		};
		85CDDC3F1F66F97500395B6D /* Network */ = {
			isa = PBXGroup;
			children = (
				85F217581F6BE7C600CDF51C /* Reachability */,
				8544C7F31F6A8C1A00930435 /* WebSocket */,
				85CDDC341F66F78700395B6D /* NetworkManager.h */,
				85CDDC351F66F78700395B6D /* NetworkManager.m */,
				85CDDC371F66F80900395B6D /* Configuration.plist */,
				85EA731B1F6A6A4900069B41 /* ConnectionConfiguration.h */,
				85EA731C1F6A6A4900069B41 /* ConnectionConfiguration.m */,
				85EA73211F6A6CDD00069B41 /* RequestBuilderProtocol.h */,
				85EA731E1F6A6C1C00069B41 /* RequestBuilder.h */,
				85EA731F1F6A6C1C00069B41 /* RequestBuilder.m */,
				85D6FF741F6C15D400B0923C /* BUXError.h */,
				85D6FF751F6C15D400B0923C /* BUXError.m */,
				85D6FF771F6C167000B0923C /* BUXErrorCodes.h */,
			);
			path = Network;
			sourceTree = "<group>";
		};
		85E074D91F6AFD60001AD780 /* View Models */ = {
			isa = PBXGroup;
			children = (
				85E074DA1F6AFD60001AD780 /* ProductListViewModel.h */,
				85E074DB1F6AFD60001AD780 /* ProductListViewModel.m */,
				8598F2371F6B35420010FB12 /* ProductDetailsViewModel.h */,
				8598F2381F6B35420010FB12 /* ProductDetailsViewModel.m */,
				85F217551F6BDDB700CDF51C /* WebSocketStatusViewModel.h */,
				85F217561F6BDDB700CDF51C /* WebSocketStatusViewModel.m */,
			);
			path = "View Models";
			sourceTree = "<group>";
		};
		85E074DD1F6B0202001AD780 /* View Controllers */ = {
			isa = PBXGroup;
			children = (
				85E074ED1F6B155C001AD780 /* Product List  */,
				85E074EE1F6B1577001AD780 /* Product Details */,
			);
			path = "View Controllers";
			sourceTree = "<group>";
		};
		85E074ED1F6B155C001AD780 /* Product List  */ = {
			isa = PBXGroup;
			children = (
				85A4BFF71F66F70300065E36 /* ProductListViewController.h */,
				85A4BFF81F66F70300065E36 /* ProductListViewController.m */,
				85E074DE1F6B0275001AD780 /* ProductListController.h */,
				85E074DF1F6B0275001AD780 /* ProductListController.m */,
				85E07AFA1F6B16A100BBA715 /* ProductListControllerDelegate.h */,
				85E074E71F6B1156001AD780 /* ProductListSectionHeaderView.h */,
				85E074E81F6B1156001AD780 /* ProductListSectionHeaderView.m */,
				85E074E11F6B084E001AD780 /* ProductListCell.h */,
				85E074E21F6B084E001AD780 /* ProductListCell.m */,
			);
			path = "Product List ";
			sourceTree = "<group>";
		};
		85E074EE1F6B1577001AD780 /* Product Details */ = {
			isa = PBXGroup;
			children = (
				85E07AFE1F6B234F00BBA715 /* Views */,
				85E074EA1F6B1548001AD780 /* ProductDetailsViewController.h */,
				85E074EB1F6B1548001AD780 /* ProductDetailsViewController.m */,
			);
			path = "Product Details";
			sourceTree = "<group>";
		};
		85E07AFE1F6B234F00BBA715 /* Views */ = {
			isa = PBXGroup;
			children = (
				85E07B021F6B248B00BBA715 /* MarketClosedView.h */,
				85E07B031F6B248B00BBA715 /* MarketClosedView.m */,
			);
			path = Views;
			sourceTree = "<group>";
		};
		85EA73281F6A873900069B41 /* Data Coordinator */ = {
			isa = PBXGroup;
			children = (
				85EA73251F6A872D00069B41 /* ProductListDataCoordinator.h */,
				85EA73261F6A872D00069B41 /* ProductListDataCoordinator.m */,
				858A90D01F6AF817001E544B /* ProductListDataCoordinatorOutput.h */,
				85F2174C1F6B488900CDF51C /* ProductDetailsDataCoordinator.h */,
				85F2174D1F6B488900CDF51C /* ProductDetailsDataCoordinator.m */,
				85F2174F1F6B4AB600CDF51C /* ProductDetailsDataCoordinatorOutput.h */,
				85F217541F6B4F2B00CDF51C /* Data Storage */,
			);
			path = "Data Coordinator";
			sourceTree = "<group>";
		};
		85F217541F6B4F2B00CDF51C /* Data Storage */ = {
			isa = PBXGroup;
			children = (
				8598F23A1F6B45B00010FB12 /* DataStorageProtocol.h */,
				8598F23B1F6B47350010FB12 /* InMemoryDataStorage.h */,
				85F217501F6B4D8000CDF51C /* InMemoryDataStorage.m */,
			);
			path = "Data Storage";
			sourceTree = "<group>";
		};
		85F217581F6BE7C600CDF51C /* Reachability */ = {
			isa = PBXGroup;
			children = (
				85D6FF701F6BEADD00B0923C /* Reachability.h */,
				85D6FF711F6BEADD00B0923C /* Reachability.m */,
				85F2175B1F6BE7F700CDF51C /* ReachabilityObserver.h */,
				85F2175E1F6BE84200CDF51C /* ReachabilityStatus.h */,
			);
			path = Reachability;
			sourceTree = "<group>";
		};
		C8DB743EC769D45A2B05E024 /* Frameworks */ = {
			isa = PBXGroup;
			children = (
				708694361C784F864C9EF120 /* libPods-BuxClient.a */,
			);
			name = Frameworks;
			sourceTree = "<group>";
		};
		D1209C47DE8A976935794899 /* Pods */ = {
			isa = PBXGroup;
			children = (
				6C6F7D42161BC17FC510D42E /* Pods-BuxClient.debug.xcconfig */,
				A363FDAD18924C1E0105BEFC /* Pods-BuxClient.release.xcconfig */,
			);
			name = Pods;
			sourceTree = "<group>";
		};
/* End PBXGroup section */

/* Begin PBXNativeTarget section */
		85A4BFED1F66F70300065E36 /* BuxClient */ = {
			isa = PBXNativeTarget;
			buildConfigurationList = 85A4C0101F66F70300065E36 /* Build configuration list for PBXNativeTarget "BuxClient" */;
			buildPhases = (
				6C5729D8CA131497729CD63D /* [CP] Check Pods Manifest.lock */,
				85A4BFEA1F66F70300065E36 /* Sources */,
				85A4BFEB1F66F70300065E36 /* Frameworks */,
				85A4BFEC1F66F70300065E36 /* Resources */,
				2282F94BF0ABD39273407856 /* [CP] Embed Pods Frameworks */,
				574B92FB44FC47A8FAC64CF6 /* [CP] Copy Pods Resources */,
			);
			buildRules = (
			);
			dependencies = (
			);
			name = BuxClient;
			productName = BuxClient;
			productReference = 85A4BFEE1F66F70300065E36 /* BuxClient.app */;
			productType = "com.apple.product-type.application";
		};
		85A4C0061F66F70300065E36 /* BuxClientTests */ = {
			isa = PBXNativeTarget;
			buildConfigurationList = 85A4C0131F66F70300065E36 /* Build configuration list for PBXNativeTarget "BuxClientTests" */;
			buildPhases = (
				85A4C0031F66F70300065E36 /* Sources */,
				85A4C0041F66F70300065E36 /* Frameworks */,
				85A4C0051F66F70300065E36 /* Resources */,
			);
			buildRules = (
			);
			dependencies = (
				85A4C0091F66F70300065E36 /* PBXTargetDependency */,
			);
			name = BuxClientTests;
			productName = BuxClientTests;
			productReference = 85A4C0071F66F70300065E36 /* BuxClientTests.xctest */;
			productType = "com.apple.product-type.bundle.unit-test";
		};
/* End PBXNativeTarget section */

/* Begin PBXProject section */
		85A4BFE61F66F70300065E36 /* Project object */ = {
			isa = PBXProject;
			attributes = {
				LastUpgradeCheck = 0900;
				ORGANIZATIONNAME = "Dmytro Andreikiv";
				TargetAttributes = {
					85A4BFED1F66F70300065E36 = {
						CreatedOnToolsVersion = 8.3.3;
					};
					85A4C0061F66F70300065E36 = {
						CreatedOnToolsVersion = 8.3.3;
						TestTargetID = 85A4BFED1F66F70300065E36;
					};
				};
			};
			buildConfigurationList = 85A4BFE91F66F70300065E36 /* Build configuration list for PBXProject "BuxClient" */;
			compatibilityVersion = "Xcode 3.2";
			developmentRegion = English;
			hasScannedForEncodings = 0;
			knownRegions = (
				en,
				Base,
			);
			mainGroup = 85A4BFE51F66F70300065E36;
			productRefGroup = 85A4BFEF1F66F70300065E36 /* Products */;
			projectDirPath = "";
			projectRoot = "";
			targets = (
				85A4BFED1F66F70300065E36 /* BuxClient */,
				85A4C0061F66F70300065E36 /* BuxClientTests */,
			);
		};
/* End PBXProject section */

/* Begin PBXResourcesBuildPhase section */
		85A4BFEC1F66F70300065E36 /* Resources */ = {
			isa = PBXResourcesBuildPhase;
			buildActionMask = 2147483647;
			files = (
				85A4C0011F66F70300065E36 /* LaunchScreen.storyboard in Resources */,
				85CDDC381F66F80900395B6D /* Configuration.plist in Resources */,
				85A4BFFE1F66F70300065E36 /* Assets.xcassets in Resources */,
			);
			runOnlyForDeploymentPostprocessing = 0;
		};
		85A4C0051F66F70300065E36 /* Resources */ = {
			isa = PBXResourcesBuildPhase;
			buildActionMask = 2147483647;
			files = (
				858A90CD1F6AF114001E544B /* ConnectionFailedMessage.json in Resources */,
				858A90CF1F6AF3A0001E544B /* TradingQouteMessage.json in Resources */,
				85EA73221F6A6FBD00069B41 /* Configuration.plist in Resources */,
			);
			runOnlyForDeploymentPostprocessing = 0;
		};
/* End PBXResourcesBuildPhase section */

/* Begin PBXShellScriptBuildPhase section */
		2282F94BF0ABD39273407856 /* [CP] Embed Pods Frameworks */ = {
			isa = PBXShellScriptBuildPhase;
			buildActionMask = 2147483647;
			files = (
			);
			inputPaths = (
			);
			name = "[CP] Embed Pods Frameworks";
			outputPaths = (
			);
			runOnlyForDeploymentPostprocessing = 0;
			shellPath = /bin/sh;
			shellScript = "\"${SRCROOT}/Pods/Target Support Files/Pods-BuxClient/Pods-BuxClient-frameworks.sh\"\n";
			showEnvVarsInLog = 0;
		};
		574B92FB44FC47A8FAC64CF6 /* [CP] Copy Pods Resources */ = {
			isa = PBXShellScriptBuildPhase;
			buildActionMask = 2147483647;
			files = (
			);
			inputPaths = (
			);
			name = "[CP] Copy Pods Resources";
			outputPaths = (
			);
			runOnlyForDeploymentPostprocessing = 0;
			shellPath = /bin/sh;
			shellScript = "\"${SRCROOT}/Pods/Target Support Files/Pods-BuxClient/Pods-BuxClient-resources.sh\"\n";
			showEnvVarsInLog = 0;
		};
		6C5729D8CA131497729CD63D /* [CP] Check Pods Manifest.lock */ = {
			isa = PBXShellScriptBuildPhase;
			buildActionMask = 2147483647;
			files = (
			);
			inputPaths = (
			);
			name = "[CP] Check Pods Manifest.lock";
			outputPaths = (
			);
			runOnlyForDeploymentPostprocessing = 0;
			shellPath = /bin/sh;
			shellScript = "diff \"${PODS_PODFILE_DIR_PATH}/Podfile.lock\" \"${PODS_ROOT}/Manifest.lock\" > /dev/null\nif [ $? != 0 ] ; then\n    # print error to STDERR\n    echo \"error: The sandbox is not in sync with the Podfile.lock. Run 'pod install' or update your CocoaPods installation.\" >&2\n    exit 1\nfi\n";
			showEnvVarsInLog = 0;
		};
/* End PBXShellScriptBuildPhase section */

/* Begin PBXSourcesBuildPhase section */
		85A4BFEA1F66F70300065E36 /* Sources */ = {
			isa = PBXSourcesBuildPhase;
			buildActionMask = 2147483647;
			files = (
				85D6FF761F6C15D400B0923C /* BUXError.m in Sources */,
				85E074DC1F6AFD60001AD780 /* ProductListViewModel.m in Sources */,
				85F217571F6BDDB700CDF51C /* WebSocketStatusViewModel.m in Sources */,
				85CDDC361F66F78700395B6D /* NetworkManager.m in Sources */,
				85F4E63E1F6A89D100F8C3CE /* WebSocketManager.m in Sources */,
				85F217511F6B4D8000CDF51C /* InMemoryDataStorage.m in Sources */,
				858A90C51F6AC35E001E544B /* WebSocketErrorMessage.m in Sources */,
				85CDDC3D1F66F93100395B6D /* Product.m in Sources */,
				85E074E91F6B1156001AD780 /* ProductListSectionHeaderView.m in Sources */,
				85A4BFF91F66F70300065E36 /* ProductListViewController.m in Sources */,
				85EA73271F6A872D00069B41 /* ProductListDataCoordinator.m in Sources */,
				85D6FF721F6BEAE200B0923C /* Reachability.m in Sources */,
				8526BD171F6A8F3000D8BB76 /* WebSocketMessage.m in Sources */,
				85E074EC1F6B1548001AD780 /* ProductDetailsViewController.m in Sources */,
				85EA73201F6A6C1C00069B41 /* RequestBuilder.m in Sources */,
				85E074E31F6B084E001AD780 /* ProductListCell.m in Sources */,
				85C909ED1F6A66F600A81684 /* Price.m in Sources */,
				858A90C81F6AC379001E544B /* WebSocketQuoteMessage.m in Sources */,
				85E074E01F6B0275001AD780 /* ProductListController.m in Sources */,
				85A4BFF61F66F70300065E36 /* AppDelegate.m in Sources */,
				85A4BFF31F66F70300065E36 /* main.m in Sources */,
				85E07B041F6B248B00BBA715 /* MarketClosedView.m in Sources */,
				85EA731D1F6A6A4900069B41 /* ConnectionConfiguration.m in Sources */,
				85F2174E1F6B488900CDF51C /* ProductDetailsDataCoordinator.m in Sources */,
				8598F2391F6B35420010FB12 /* ProductDetailsViewModel.m in Sources */,
			);
			runOnlyForDeploymentPostprocessing = 0;
		};
		85A4C0031F66F70300065E36 /* Sources */ = {
			isa = PBXSourcesBuildPhase;
			buildActionMask = 2147483647;
			files = (
				85A4C00C1F66F70300065E36 /* ConnectionConfigurationTests.m in Sources */,
				85EA73241F6A7F8500069B41 /* RequestBuilderTests.m in Sources */,
				858A90CA1F6AF07D001E544B /* WebSocketMessageTests.m in Sources */,
				85F217531F6B4DAE00CDF51C /* DataStorageTests.m in Sources */,
			);
			runOnlyForDeploymentPostprocessing = 0;
		};
/* End PBXSourcesBuildPhase section */

/* Begin PBXTargetDependency section */
		85A4C0091F66F70300065E36 /* PBXTargetDependency */ = {
			isa = PBXTargetDependency;
			target = 85A4BFED1F66F70300065E36 /* BuxClient */;
			targetProxy = 85A4C0081F66F70300065E36 /* PBXContainerItemProxy */;
		};
/* End PBXTargetDependency section */

/* Begin PBXVariantGroup section */
		85A4BFFF1F66F70300065E36 /* LaunchScreen.storyboard */ = {
			isa = PBXVariantGroup;
			children = (
				85A4C0001F66F70300065E36 /* Base */,
			);
			name = LaunchScreen.storyboard;
			sourceTree = "<group>";
		};
/* End PBXVariantGroup section */

/* Begin XCBuildConfiguration section */
		85A4C00E1F66F70300065E36 /* Debug */ = {
			isa = XCBuildConfiguration;
			buildSettings = {
				ALWAYS_SEARCH_USER_PATHS = NO;
				CLANG_ANALYZER_NONNULL = YES;
				CLANG_ANALYZER_NUMBER_OBJECT_CONVERSION = YES_AGGRESSIVE;
				CLANG_CXX_LANGUAGE_STANDARD = "gnu++0x";
				CLANG_CXX_LIBRARY = "libc++";
				CLANG_ENABLE_MODULES = YES;
				CLANG_ENABLE_OBJC_ARC = YES;
				CLANG_WARN_BLOCK_CAPTURE_AUTORELEASING = YES;
				CLANG_WARN_BOOL_CONVERSION = YES;
				CLANG_WARN_COMMA = YES;
				CLANG_WARN_CONSTANT_CONVERSION = YES;
				CLANG_WARN_DIRECT_OBJC_ISA_USAGE = YES_ERROR;
				CLANG_WARN_DOCUMENTATION_COMMENTS = YES;
				CLANG_WARN_EMPTY_BODY = YES;
				CLANG_WARN_ENUM_CONVERSION = YES;
				CLANG_WARN_INFINITE_RECURSION = YES;
				CLANG_WARN_INT_CONVERSION = YES;
				CLANG_WARN_NON_LITERAL_NULL_CONVERSION = YES;
				CLANG_WARN_OBJC_LITERAL_CONVERSION = YES;
				CLANG_WARN_OBJC_ROOT_CLASS = YES_ERROR;
				CLANG_WARN_RANGE_LOOP_ANALYSIS = YES;
				CLANG_WARN_STRICT_PROTOTYPES = YES;
				CLANG_WARN_SUSPICIOUS_MOVE = YES;
				CLANG_WARN_UNREACHABLE_CODE = YES;
				CLANG_WARN__DUPLICATE_METHOD_MATCH = YES;
				COPY_PHASE_STRIP = NO;
				DEBUG_INFORMATION_FORMAT = dwarf;
				ENABLE_STRICT_OBJC_MSGSEND = YES;
				ENABLE_TESTABILITY = YES;
				GCC_C_LANGUAGE_STANDARD = gnu99;
				GCC_DYNAMIC_NO_PIC = NO;
				GCC_NO_COMMON_BLOCKS = YES;
				GCC_OPTIMIZATION_LEVEL = 0;
				GCC_PREPROCESSOR_DEFINITIONS = (
					"DEBUG=1",
					"$(inherited)",
				);
				GCC_WARN_64_TO_32_BIT_CONVERSION = YES;
				GCC_WARN_ABOUT_RETURN_TYPE = YES_ERROR;
				GCC_WARN_UNDECLARED_SELECTOR = YES;
				GCC_WARN_UNINITIALIZED_AUTOS = YES_AGGRESSIVE;
				GCC_WARN_UNUSED_FUNCTION = YES;
				GCC_WARN_UNUSED_VARIABLE = YES;
				IPHONEOS_DEPLOYMENT_TARGET = 10.3;
				MTL_ENABLE_DEBUG_INFO = YES;
				ONLY_ACTIVE_ARCH = YES;
				SDKROOT = iphoneos;
			};
			name = Debug;
		};
		85A4C00F1F66F70300065E36 /* Release */ = {
			isa = XCBuildConfiguration;
			buildSettings = {
				ALWAYS_SEARCH_USER_PATHS = NO;
				CLANG_ANALYZER_NONNULL = YES;
				CLANG_ANALYZER_NUMBER_OBJECT_CONVERSION = YES_AGGRESSIVE;
				CLANG_CXX_LANGUAGE_STANDARD = "gnu++0x";
				CLANG_CXX_LIBRARY = "libc++";
				CLANG_ENABLE_MODULES = YES;
				CLANG_ENABLE_OBJC_ARC = YES;
				CLANG_WARN_BLOCK_CAPTURE_AUTORELEASING = YES;
				CLANG_WARN_BOOL_CONVERSION = YES;
				CLANG_WARN_COMMA = YES;
				CLANG_WARN_CONSTANT_CONVERSION = YES;
				CLANG_WARN_DIRECT_OBJC_ISA_USAGE = YES_ERROR;
				CLANG_WARN_DOCUMENTATION_COMMENTS = YES;
				CLANG_WARN_EMPTY_BODY = YES;
				CLANG_WARN_ENUM_CONVERSION = YES;
				CLANG_WARN_INFINITE_RECURSION = YES;
				CLANG_WARN_INT_CONVERSION = YES;
				CLANG_WARN_NON_LITERAL_NULL_CONVERSION = YES;
				CLANG_WARN_OBJC_LITERAL_CONVERSION = YES;
				CLANG_WARN_OBJC_ROOT_CLASS = YES_ERROR;
				CLANG_WARN_RANGE_LOOP_ANALYSIS = YES;
				CLANG_WARN_STRICT_PROTOTYPES = YES;
				CLANG_WARN_SUSPICIOUS_MOVE = YES;
				CLANG_WARN_UNREACHABLE_CODE = YES;
				CLANG_WARN__DUPLICATE_METHOD_MATCH = YES;
				COPY_PHASE_STRIP = NO;
				DEBUG_INFORMATION_FORMAT = "dwarf-with-dsym";
				ENABLE_NS_ASSERTIONS = NO;
				ENABLE_STRICT_OBJC_MSGSEND = YES;
				GCC_C_LANGUAGE_STANDARD = gnu99;
				GCC_NO_COMMON_BLOCKS = YES;
				GCC_WARN_64_TO_32_BIT_CONVERSION = YES;
				GCC_WARN_ABOUT_RETURN_TYPE = YES_ERROR;
				GCC_WARN_UNDECLARED_SELECTOR = YES;
				GCC_WARN_UNINITIALIZED_AUTOS = YES_AGGRESSIVE;
				GCC_WARN_UNUSED_FUNCTION = YES;
				GCC_WARN_UNUSED_VARIABLE = YES;
				IPHONEOS_DEPLOYMENT_TARGET = 10.3;
				MTL_ENABLE_DEBUG_INFO = NO;
				SDKROOT = iphoneos;
				VALIDATE_PRODUCT = YES;
			};
			name = Release;
		};
		85A4C0111F66F70300065E36 /* Debug */ = {
			isa = XCBuildConfiguration;
			baseConfigurationReference = 6C6F7D42161BC17FC510D42E /* Pods-BuxClient.debug.xcconfig */;
			buildSettings = {
				ASSETCATALOG_COMPILER_APPICON_NAME = AppIcon;
				DEVELOPMENT_TEAM = "";
				GCC_TREAT_WARNINGS_AS_ERRORS = NO;
				INFOPLIST_FILE = BuxClient/Info.plist;
				LD_RUNPATH_SEARCH_PATHS = "$(inherited) @executable_path/Frameworks";
				PRODUCT_BUNDLE_IDENTIFIER = com.dmytroandreikiv.BuxClient;
				PRODUCT_NAME = "$(TARGET_NAME)";
			};
			name = Debug;
		};
		85A4C0121F66F70300065E36 /* Release */ = {
			isa = XCBuildConfiguration;
			baseConfigurationReference = A363FDAD18924C1E0105BEFC /* Pods-BuxClient.release.xcconfig */;
			buildSettings = {
				ASSETCATALOG_COMPILER_APPICON_NAME = AppIcon;
				DEVELOPMENT_TEAM = "";
				GCC_TREAT_WARNINGS_AS_ERRORS = NO;
				INFOPLIST_FILE = BuxClient/Info.plist;
				LD_RUNPATH_SEARCH_PATHS = "$(inherited) @executable_path/Frameworks";
				PRODUCT_BUNDLE_IDENTIFIER = com.dmytroandreikiv.BuxClient;
				PRODUCT_NAME = "$(TARGET_NAME)";
			};
			name = Release;
		};
		85A4C0141F66F70300065E36 /* Debug */ = {
			isa = XCBuildConfiguration;
			buildSettings = {
				BUNDLE_LOADER = "$(TEST_HOST)";
				DEVELOPMENT_TEAM = "";
				INFOPLIST_FILE = BuxClientTests/Info.plist;
				LD_RUNPATH_SEARCH_PATHS = "$(inherited) @executable_path/Frameworks @loader_path/Frameworks";
				PRODUCT_BUNDLE_IDENTIFIER = com.dmytroandreikiv.BuxClientTests;
				PRODUCT_NAME = "$(TARGET_NAME)";
				TEST_HOST = "$(BUILT_PRODUCTS_DIR)/BuxClient.app/BuxClient";
			};
			name = Debug;
		};
		85A4C0151F66F70300065E36 /* Release */ = {
			isa = XCBuildConfiguration;
			buildSettings = {
				BUNDLE_LOADER = "$(TEST_HOST)";
				DEVELOPMENT_TEAM = "";
				INFOPLIST_FILE = BuxClientTests/Info.plist;
				LD_RUNPATH_SEARCH_PATHS = "$(inherited) @executable_path/Frameworks @loader_path/Frameworks";
				PRODUCT_BUNDLE_IDENTIFIER = com.dmytroandreikiv.BuxClientTests;
				PRODUCT_NAME = "$(TARGET_NAME)";
				TEST_HOST = "$(BUILT_PRODUCTS_DIR)/BuxClient.app/BuxClient";
			};
			name = Release;
		};
/* End XCBuildConfiguration section */

/* Begin XCConfigurationList section */
		85A4BFE91F66F70300065E36 /* Build configuration list for PBXProject "BuxClient" */ = {
			isa = XCConfigurationList;
			buildConfigurations = (
				85A4C00E1F66F70300065E36 /* Debug */,
				85A4C00F1F66F70300065E36 /* Release */,
			);
			defaultConfigurationIsVisible = 0;
			defaultConfigurationName = Release;
		};
		85A4C0101F66F70300065E36 /* Build configuration list for PBXNativeTarget "BuxClient" */ = {
			isa = XCConfigurationList;
			buildConfigurations = (
				85A4C0111F66F70300065E36 /* Debug */,
				85A4C0121F66F70300065E36 /* Release */,
			);
			defaultConfigurationIsVisible = 0;
			defaultConfigurationName = Release;
		};
		85A4C0131F66F70300065E36 /* Build configuration list for PBXNativeTarget "BuxClientTests" */ = {
			isa = XCConfigurationList;
			buildConfigurations = (
				85A4C0141F66F70300065E36 /* Debug */,
				85A4C0151F66F70300065E36 /* Release */,
			);
			defaultConfigurationIsVisible = 0;
			defaultConfigurationName = Release;
		};
/* End XCConfigurationList section */
	};
	rootObject = 85A4BFE61F66F70300065E36 /* Project object */;
}
